{
  "name": "@lhommenul/slider",
  "version": "1.0.3",
  "lockfileVersion": 2,
  "requires": true,
  "packages": {
    "": {
      "name": "@lhommenul/slider",
      "version": "1.0.3",
      "license": "ISC",
      "devDependencies": {
        "@lhommenul/slider": "^1.0.0"
      }
    },
    "node_modules/@lhommenul/slider": {
      "version": "1.0.0",
      "resolved": "https://registry.npmjs.org/@lhommenul/slider/-/slider-1.0.0.tgz",
      "integrity": "sha512-8rURPao7mKK0c5ARNDcPZrbDA/mGnCtkV2xxjChKkzlhAemuvMsBn2bv88VBBYmbex/Yv+xZ8PWrwPB73ng+KA==",
      "dev": true
    }
  },
  "dependencies": {
    "@lhommenul/slider": {
      "version": "1.0.0",
      "resolved": "https://registry.npmjs.org/@lhommenul/slider/-/slider-1.0.0.tgz",
      "integrity": "sha512-8rURPao7mKK0c5ARNDcPZrbDA/mGnCtkV2xxjChKkzlhAemuvMsBn2bv88VBBYmbex/Yv+xZ8PWrwPB73ng+KA==",
      "dev": true
    }
  }
}
